
Microsoft Visual Studio Solution File, Format Version 12.00
# Visual Studio Version 17
VisualStudioVersion = 17.13.35806.99 d17.13
MinimumVisualStudioVersion = 10.0.40219.1
Project("{2150E333-8FDC-42A3-9474-1A3956D46DE8}") = "Seminar", "Seminar", "{36D591C7-65C7-A0D1-1CBC-10CDE441BDC8}"
EndProject
Project("{2150E333-8FDC-42A3-9474-1A3956D46DE8}") = "Homework", "Homework", "{2BD45483-6E08-8D8D-8130-F11346EE9468}"
EndProject
Project("{FAE04EC0-301F-11D3-BF4B-00C04F79EFBC}") = "Lesson 1", "Lesson 1\Lesson 1.csproj", "{B00E2AD6-4BC0-4965-8A87-EB3019196D77}"
EndProject
Global
	GlobalSection(SolutionConfigurationPlatforms) = preSolution
		Debug|Any CPU = Debug|Any CPU
		Release|Any CPU = Release|Any CPU
	EndGlobalSection
	GlobalSection(ProjectConfigurationPlatforms) = postSolution
		{B00E2AD6-4BC0-4965-8A87-EB3019196D77}.Debug|Any CPU.ActiveCfg = Debug|Any CPU
		{B00E2AD6-4BC0-4965-8A87-EB3019196D77}.Debug|Any CPU.Build.0 = Debug|Any CPU
		{B00E2AD6-4BC0-4965-8A87-EB3019196D77}.Release|Any CPU.ActiveCfg = Release|Any CPU
		{B00E2AD6-4BC0-4965-8A87-EB3019196D77}.Release|Any CPU.Build.0 = Release|Any CPU
	EndGlobalSection
	GlobalSection(SolutionProperties) = preSolution
		HideSolutionNode = FALSE
	EndGlobalSection
	GlobalSection(NestedProjects) = preSolution
		{B00E2AD6-4BC0-4965-8A87-EB3019196D77} = {36D591C7-65C7-A0D1-1CBC-10CDE441BDC8}
	EndGlobalSection
	GlobalSection(ExtensibilityGlobals) = postSolution
		SolutionGuid = {A6763480-19E3-465A-BBD2-E3BC101278E3}
	EndGlobalSection
EndGlobal
